
Microsoft Visual Studio Solution File, Format Version 12.00
# Visual Studio Version 17
VisualStudioVersion = 17.8.34322.80
MinimumVisualStudioVersion = 10.0.40219.1
Project("{F184B08F-C81C-45F6-A57F-5ABD9991F28F}") = "WORDS", "WORDS.vbproj", "{66DFEBC9-7B60-444B-8924-70FD6043442F}"
EndProject
Global
	GlobalSection(SolutionConfigurationPlatforms) = preSolution
		Debug|Any CPU = Debug|Any CPU
		Release|Any CPU = Release|Any CPU
	EndGlobalSection
	GlobalSection(ProjectConfigurationPlatforms) = postSolution
		{66DFEBC9-7B60-444B-8924-70FD6043442F}.Debug|Any CPU.ActiveCfg = Debug|Any CPU
		{66DFEBC9-7B60-444B-8924-70FD6043442F}.Debug|Any CPU.Build.0 = Debug|Any CPU
		{66DFEBC9-7B60-444B-8924-70FD6043442F}.Release|Any CPU.ActiveCfg = Release|Any CPU
		{66DFEBC9-7B60-444B-8924-70FD6043442F}.Release|Any CPU.Build.0 = Release|Any CPU
	EndGlobalSection
	GlobalSection(SolutionProperties) = preSolution
		HideSolutionNode = FALSE
	EndGlobalSection
	GlobalSection(ExtensibilityGlobals) = postSolution
		SolutionGuid = {A90E5089-1850-4364-8ED2-B6054D13D518}
	EndGlobalSection
EndGlobal
